
Microsoft Visual Studio Solution File, Format Version 12.00
# Visual Studio Version 16
VisualStudioVersion = 16.0.30011.22
MinimumVisualStudioVersion = 10.0.40219.1
Project("{FAE04EC0-301F-11D3-BF4B-00C04F79EFBC}") = "SpotifyPlaylistSaver", "SpotifyPlaylistSaver\SpotifyPlaylistSaver.csproj", "{1E86BE9B-1767-485F-9C03-5F2C025C1D8E}"
EndProject
Global
	GlobalSection(SolutionConfigurationPlatforms) = preSolution
		Debug|Any CPU = Debug|Any CPU
		Release|Any CPU = Release|Any CPU
	EndGlobalSection
	GlobalSection(ProjectConfigurationPlatforms) = postSolution
		{1E86BE9B-1767-485F-9C03-5F2C025C1D8E}.Debug|Any CPU.ActiveCfg = Debug|Any CPU
		{1E86BE9B-1767-485F-9C03-5F2C025C1D8E}.Debug|Any CPU.Build.0 = Debug|Any CPU
		{1E86BE9B-1767-485F-9C03-5F2C025C1D8E}.Release|Any CPU.ActiveCfg = Release|Any CPU
		{1E86BE9B-1767-485F-9C03-5F2C025C1D8E}.Release|Any CPU.Build.0 = Release|Any CPU
	EndGlobalSection
	GlobalSection(SolutionProperties) = preSolution
		HideSolutionNode = FALSE
	EndGlobalSection
	GlobalSection(ExtensibilityGlobals) = postSolution
		SolutionGuid = {D98B87C7-184E-41B4-9F9B-3461A3B7E6F7}
	EndGlobalSection
EndGlobal
